
Microsoft Visual Studio Solution File, Format Version 12.00
# Visual Studio 15
VisualStudioVersion = 15.0.27004.2009
MinimumVisualStudioVersion = 10.0.40219.1
Project("{FAE04EC0-301F-11D3-BF4B-00C04F79EFBC}") = "LC2SQLiteGUI", "LC2SQLiteGUI.csproj", "{6D4EACB0-66D2-4343-992A-D558EC8126EE}"
EndProject
Global
	GlobalSection(SolutionConfigurationPlatforms) = preSolution
		Debug|Any CPU = Debug|Any CPU
		Release|Any CPU = Release|Any CPU
	EndGlobalSection
	GlobalSection(ProjectConfigurationPlatforms) = postSolution
		{6D4EACB0-66D2-4343-992A-D558EC8126EE}.Debug|Any CPU.ActiveCfg = Debug|Any CPU
		{6D4EACB0-66D2-4343-992A-D558EC8126EE}.Debug|Any CPU.Build.0 = Debug|Any CPU
		{6D4EACB0-66D2-4343-992A-D558EC8126EE}.Release|Any CPU.ActiveCfg = Release|Any CPU
		{6D4EACB0-66D2-4343-992A-D558EC8126EE}.Release|Any CPU.Build.0 = Release|Any CPU
	EndGlobalSection
	GlobalSection(SolutionProperties) = preSolution
		HideSolutionNode = FALSE
	EndGlobalSection
	GlobalSection(ExtensibilityGlobals) = postSolution
		SolutionGuid = {A3994675-A21C-4EE6-AA30-9F4D812E4A9D}
	EndGlobalSection
EndGlobal
